PODS:
  - audio_picker (0.0.1):
    - Flutter
  - audio_session (0.0.1):
    - Flutter
  - audio_waveform (0.1.0):
    - Flutter
  - device_info_plus (0.0.1):
    - Flutter
  - file_picker (0.0.1):
    - Flutter
  - Flutter (1.0.0)
  - flutter_audio_query (0.0.1):
    - Flutter
  - flutter_blue_plus (0.0.1):
    - Flutter
    - flutter_blue_plus/Protos (= 0.0.1)
  - flutter_blue_plus/Protos (0.0.1):
    - Flutter
    - Protobuf (~> 3.11)
  - flutter_keyboard_visibility (0.0.1):
    - Flutter
  - flutter_midi_command (0.3.6):
    - Flutter
  - just_audio (0.0.1):
    - Flutter
  - mighty_ble (0.0.1):
    - Flutter
  - package_info_plus (0.4.5):
    - Flutter
  - path_provider_foundation (0.0.1):
    - Flutter
    - FlutterMacOS
  - permission_handler_apple (9.0.4):
    - Flutter
  - Protobuf (3.22.1)
  - qr_utils (0.1.5):
    - Flutter
  - Sentry/HybridSDK (8.3.3):
    - SentryPrivate (= 8.3.3)
  - sentry_flutter (0.0.1):
    - Flutter
    - FlutterMacOS
    - Sentry/HybridSDK (= 8.3.3)
  - SentryPrivate (8.3.3)
  - share_plus (0.0.1):
    - Flutter
  - url_launcher_ios (0.0.1):
    - Flutter
  - wakelock (0.0.1):
    - Flutter

DEPENDENCIES:
  - audio_picker (from `.symlinks/plugins/audio_picker/ios`)
  - audio_session (from `.symlinks/plugins/audio_session/ios`)
  - audio_waveform (from `.symlinks/plugins/audio_waveform/ios`)
  - device_info_plus (from `.symlinks/plugins/device_info_plus/ios`)
  - file_picker (from `.symlinks/plugins/file_picker/ios`)
  - Flutter (from `Flutter`)
  - flutter_audio_query (from `.symlinks/plugins/flutter_audio_query/ios`)
  - flutter_blue_plus (from `.symlinks/plugins/flutter_blue_plus/ios`)
  - flutter_keyboard_visibility (from `.symlinks/plugins/flutter_keyboard_visibility/ios`)
  - flutter_midi_command (from `.symlinks/plugins/flutter_midi_command/ios`)
  - just_audio (from `.symlinks/plugins/just_audio/ios`)
  - mighty_ble (from `.symlinks/plugins/mighty_ble/ios`)
  - package_info_plus (from `.symlinks/plugins/package_info_plus/ios`)
  - path_provider_foundation (from `.symlinks/plugins/path_provider_foundation/ios`)
  - permission_handler_apple (from `.symlinks/plugins/permission_handler_apple/ios`)
  - qr_utils (from `.symlinks/plugins/qr_utils/ios`)
  - sentry_flutter (from `.symlinks/plugins/sentry_flutter/ios`)
  - share_plus (from `.symlinks/plugins/share_plus/ios`)
  - url_launcher_ios (from `.symlinks/plugins/url_launcher_ios/ios`)
  - wakelock (from `.symlinks/plugins/wakelock/ios`)

SPEC REPOS:
  trunk:
    - Protobuf
    - Sentry
    - SentryPrivate

EXTERNAL SOURCES:
  audio_picker:
    :path: ".symlinks/plugins/audio_picker/ios"
  audio_session:
    :path: ".symlinks/plugins/audio_session/ios"
  audio_waveform:
    :path: ".symlinks/plugins/audio_waveform/ios"
  device_info_plus:
    :path: ".symlinks/plugins/device_info_plus/ios"
  file_picker:
    :path: ".symlinks/plugins/file_picker/ios"
  Flutter:
    :path: Flutter
  flutter_audio_query:
    :path: ".symlinks/plugins/flutter_audio_query/ios"
  flutter_blue_plus:
    :path: ".symlinks/plugins/flutter_blue_plus/ios"
  flutter_keyboard_visibility:
    :path: ".symlinks/plugins/flutter_keyboard_visibility/ios"
  flutter_midi_command:
    :path: ".symlinks/plugins/flutter_midi_command/ios"
  just_audio:
    :path: ".symlinks/plugins/just_audio/ios"
  mighty_ble:
    :path: ".symlinks/plugins/mighty_ble/ios"
  package_info_plus:
    :path: ".symlinks/plugins/package_info_plus/ios"
  path_provider_foundation:
    :path: ".symlinks/plugins/path_provider_foundation/ios"
  permission_handler_apple:
    :path: ".symlinks/plugins/permission_handler_apple/ios"
  qr_utils:
    :path: ".symlinks/plugins/qr_utils/ios"
  sentry_flutter:
    :path: ".symlinks/plugins/sentry_flutter/ios"
  share_plus:
    :path: ".symlinks/plugins/share_plus/ios"
  url_launcher_ios:
    :path: ".symlinks/plugins/url_launcher_ios/ios"
  wakelock:
    :path: ".symlinks/plugins/wakelock/ios"

SPEC CHECKSUMS:
  audio_picker: afcd7c658c897e9db9960c2006780b1cc8a83987
  audio_session: 4f3e461722055d21515cf3261b64c973c062f345
  audio_waveform: 752f745d2fa83aa1171f18255db1395e278317ce
  device_info_plus: e5c5da33f982a436e103237c0c85f9031142abed
  file_picker: 088e1a97eb2ed66964279fe39013ab8f23022a4d
  Flutter: f04841e97a9d0b0a8025694d0796dd46242b2854
  flutter_audio_query: 45f1076a639975e198f4e822ac2c5e6e65b20f89
  flutter_blue_plus: 6787777145d615de01828f3a9fa423c3c702f0b3
  flutter_keyboard_visibility: 0339d06371254c3eb25eeb90ba8d17dca8f9c069
  flutter_midi_command: 4acc18c6391c574d21f1d3a1cc40c7fe06ff461f
  just_audio: baa7252489dbcf47a4c7cc9ca663e9661c99aafa
  mighty_ble: 86cf1fc1c314039c8675fb5fba9f2a4ec96d710c
  package_info_plus: 6c92f08e1f853dc01228d6f553146438dafcd14e
  path_provider_foundation: c68054786f1b4f3343858c1e1d0caaded73f0be9
  permission_handler_apple: 44366e37eaf29454a1e7b1b7d736c2cceaeb17ce
  Protobuf: d7f7c8329edf5eb8af65547a8ba3e9c1cee927d5
  qr_utils: f8364c024ea259dfe0d88d4ba4f7b34984b7a61f
  Sentry: 8ffc397d98fe58d693e73959b26ed0eaee55646a
  sentry_flutter: 5028afacfa875785cb0e3682aece171fcd9dc0d5
  SentryPrivate: bf776a47a131648f5023097215987b40fbd47025
  share_plus: 056a1e8ac890df3e33cb503afffaf1e9b4fbae68
  url_launcher_ios: 08a3dfac5fb39e8759aeb0abbd5d9480f30fc8b4
  wakelock: d0fc7c864128eac40eba1617cb5264d9c940b46f

PODFILE CHECKSUM: 4e8f8b2be68aeea4c0d5beb6ff1e79fface1d048

COCOAPODS: 1.12.0
